
Microsoft Visual Studio Solution File, Format Version 12.00
# Visual Studio Version 16
VisualStudioVersion = 16.0.28922.388
MinimumVisualStudioVersion = 10.0.40219.1
Project("{F2A71F9B-5D33-465A-A702-920D77279786}") = "Parsers", "Parsers\Parsers.fsproj", "{3BD3C6B0-F5FC-4C49-BFE8-64F722CDAACA}"
EndProject
Project("{F2A71F9B-5D33-465A-A702-920D77279786}") = "Parsers.Specs", "Parsers.Specs\Parsers.Specs.fsproj", "{B640015C-7351-457C-A831-CFCE1F4D094B}"
EndProject
Global
	GlobalSection(SolutionConfigurationPlatforms) = preSolution
		Debug|Any CPU = Debug|Any CPU
		Release|Any CPU = Release|Any CPU
	EndGlobalSection
	GlobalSection(ProjectConfigurationPlatforms) = postSolution
		{3BD3C6B0-F5FC-4C49-BFE8-64F722CDAACA}.Debug|Any CPU.ActiveCfg = Debug|Any CPU
		{3BD3C6B0-F5FC-4C49-BFE8-64F722CDAACA}.Debug|Any CPU.Build.0 = Debug|Any CPU
		{3BD3C6B0-F5FC-4C49-BFE8-64F722CDAACA}.Release|Any CPU.ActiveCfg = Release|Any CPU
		{3BD3C6B0-F5FC-4C49-BFE8-64F722CDAACA}.Release|Any CPU.Build.0 = Release|Any CPU
		{B640015C-7351-457C-A831-CFCE1F4D094B}.Debug|Any CPU.ActiveCfg = Debug|Any CPU
		{B640015C-7351-457C-A831-CFCE1F4D094B}.Debug|Any CPU.Build.0 = Debug|Any CPU
		{B640015C-7351-457C-A831-CFCE1F4D094B}.Release|Any CPU.ActiveCfg = Release|Any CPU
		{B640015C-7351-457C-A831-CFCE1F4D094B}.Release|Any CPU.Build.0 = Release|Any CPU
	EndGlobalSection
	GlobalSection(SolutionProperties) = preSolution
		HideSolutionNode = FALSE
	EndGlobalSection
	GlobalSection(ExtensibilityGlobals) = postSolution
		SolutionGuid = {7EDFC6E7-4244-49B9-862D-BC578DD7CA86}
	EndGlobalSection
EndGlobal
